
Microsoft Visual Studio Solution File, Format Version 12.00
# Visual Studio 14
VisualStudioVersion = 14.0.25420.1
MinimumVisualStudioVersion = 10.0.40219.1
Project("{FAE04EC0-301F-11D3-BF4B-00C04F79EFBC}") = "Spindelvev.Application", "Spindelvev.Application\Spindelvev.Application.csproj", "{223FA22B-B8EC-47A1-9DB5-C9C079878A3B}"
EndProject
Project("{FAE04EC0-301F-11D3-BF4B-00C04F79EFBC}") = "Spindelvev", "Spindelvev\Spindelvev.csproj", "{216630D8-FAA2-4420-9A25-ACA091253116}"
EndProject
Project("{FAE04EC0-301F-11D3-BF4B-00C04F79EFBC}") = "Spindelvev.Daemon", "Spindelvev.Daemon\Spindelvev.Daemon.csproj", "{093D98CB-2AE4-4237-8B53-5AE44B61946F}"
EndProject
Global
	GlobalSection(SolutionConfigurationPlatforms) = preSolution
		Debug|Any CPU = Debug|Any CPU
		Release|Any CPU = Release|Any CPU
	EndGlobalSection
	GlobalSection(ProjectConfigurationPlatforms) = postSolution
		{223FA22B-B8EC-47A1-9DB5-C9C079878A3B}.Debug|Any CPU.ActiveCfg = Debug|Any CPU
		{223FA22B-B8EC-47A1-9DB5-C9C079878A3B}.Debug|Any CPU.Build.0 = Debug|Any CPU
		{223FA22B-B8EC-47A1-9DB5-C9C079878A3B}.Release|Any CPU.ActiveCfg = Release|Any CPU
		{223FA22B-B8EC-47A1-9DB5-C9C079878A3B}.Release|Any CPU.Build.0 = Release|Any CPU
		{216630D8-FAA2-4420-9A25-ACA091253116}.Debug|Any CPU.ActiveCfg = Debug|Any CPU
		{216630D8-FAA2-4420-9A25-ACA091253116}.Debug|Any CPU.Build.0 = Debug|Any CPU
		{216630D8-FAA2-4420-9A25-ACA091253116}.Release|Any CPU.ActiveCfg = Release|Any CPU
		{216630D8-FAA2-4420-9A25-ACA091253116}.Release|Any CPU.Build.0 = Release|Any CPU
		{093D98CB-2AE4-4237-8B53-5AE44B61946F}.Debug|Any CPU.ActiveCfg = Debug|Any CPU
		{093D98CB-2AE4-4237-8B53-5AE44B61946F}.Debug|Any CPU.Build.0 = Debug|Any CPU
		{093D98CB-2AE4-4237-8B53-5AE44B61946F}.Release|Any CPU.ActiveCfg = Release|Any CPU
		{093D98CB-2AE4-4237-8B53-5AE44B61946F}.Release|Any CPU.Build.0 = Release|Any CPU
	EndGlobalSection
	GlobalSection(SolutionProperties) = preSolution
		HideSolutionNode = FALSE
	EndGlobalSection
EndGlobal
